
Microsoft Visual Studio Solution File, Format Version 12.00
# Visual Studio Version 17
VisualStudioVersion = 17.0.31903.59
MinimumVisualStudioVersion = 10.0.40219.1
Project("{2150E333-8FDC-42A3-9474-1A3956D46DE8}") = "Inquiries", "Inquiries", "{18C31847-2E70-451C-B608-22E64CCDC1A8}"
EndProject
Project("{FAE04EC0-301F-11D3-BF4B-00C04F79EFBC}") = "TicketFlow.Services.Inquiries.Api", "src\Inquiries\TicketFlow.Services.Inquiries.Api\TicketFlow.Services.Inquiries.Api.csproj", "{425D58FD-4433-4607-91F1-2FD1955A025E}"
EndProject
Project("{FAE04EC0-301F-11D3-BF4B-00C04F79EFBC}") = "TicketFlow.Services.Inquiries.Core", "src\Inquiries\TicketFlow.Services.Inquiries.Core\TicketFlow.Services.Inquiries.Core.csproj", "{27367E15-D4E4-4282-8FA6-8FBD9DB0BAED}"
EndProject
Project("{2150E333-8FDC-42A3-9474-1A3956D46DE8}") = "Tickets", "Tickets", "{07DCBB3E-83FB-4E64-B0B0-FA380966A16A}"
EndProject
Project("{FAE04EC0-301F-11D3-BF4B-00C04F79EFBC}") = "TicketFlow.Services.Tickets.Core", "src\Tickets\TicketFlow.Services.Tickets.Core\TicketFlow.Services.Tickets.Core.csproj", "{285DF664-485F-4447-BF64-F3DF02610A4D}"
EndProject
Project("{FAE04EC0-301F-11D3-BF4B-00C04F79EFBC}") = "TicketFlow.Services.Tickets.Api", "src\Tickets\TicketFlow.Services.Tickets.Api\TicketFlow.Services.Tickets.Api.csproj", "{9CDAFE0B-3277-4BA4-873C-083093BDAA24}"
EndProject
Project("{2150E333-8FDC-42A3-9474-1A3956D46DE8}") = "Translations", "Translations", "{22569C41-4C87-4AB6-8F1A-DF86F51A3E58}"
EndProject
Project("{FAE04EC0-301F-11D3-BF4B-00C04F79EFBC}") = "TicketFlow.Services.Translations.Api", "src\Translations\TicketFlow.Services.Translations.Api\TicketFlow.Services.Translations.Api.csproj", "{5CCED511-747C-4F72-98D6-A4C0ADB9F949}"
EndProject
Project("{FAE04EC0-301F-11D3-BF4B-00C04F79EFBC}") = "TicketFlow.Services.Translations.Core", "src\Translations\TicketFlow.Services.Translations.Core\TicketFlow.Services.Translations.Core.csproj", "{33BE366B-3422-4F73-BC65-1F73D805C1AD}"
EndProject
Project("{2150E333-8FDC-42A3-9474-1A3956D46DE8}") = "SLA", "SLA", "{4FAD02DF-37B5-4946-ABD8-922DC9C19893}"
EndProject
Project("{FAE04EC0-301F-11D3-BF4B-00C04F79EFBC}") = "TicketFlow.Services.SLA.Core", "src\SLA\TicketFlow.Services.SLA.Core\TicketFlow.Services.SLA.Core.csproj", "{0E11CE9E-8FC7-4780-84F0-9E6FF7D25CE5}"
EndProject
Project("{FAE04EC0-301F-11D3-BF4B-00C04F79EFBC}") = "TicketFlow.Services.SLA.Api", "src\SLA\TicketFlow.Services.SLA.Api\TicketFlow.Services.SLA.Api.csproj", "{5069C338-D69A-4694-994F-1CA851355F57}"
EndProject
Project("{2150E333-8FDC-42A3-9474-1A3956D46DE8}") = "Communication", "Communication", "{9FEC8D86-638C-42D7-AC4F-DD3E0F2DA95E}"
EndProject
Project("{FAE04EC0-301F-11D3-BF4B-00C04F79EFBC}") = "TicketFlow.Services.Communication.Api", "src\Communication\TicketFlow.Services.Communication.Api\TicketFlow.Services.Communication.Api.csproj", "{48D19E98-B3CF-4325-A3D1-2F07CB1FD488}"
EndProject
Project("{FAE04EC0-301F-11D3-BF4B-00C04F79EFBC}") = "TicketFlow.Services.Communication.Core", "src\Communication\TicketFlow.Services.Communication.Core\TicketFlow.Services.Communication.Core.csproj", "{3F5D015B-308B-470D-9F00-EECACAE0A0AA}"
EndProject
Project("{2150E333-8FDC-42A3-9474-1A3956D46DE8}") = "Shared", "Shared", "{B106A5A0-3379-4C18-9A42-58B6A64EE99B}"
EndProject
Project("{FAE04EC0-301F-11D3-BF4B-00C04F79EFBC}") = "TicketFlow.Shared", "src\Shared\TicketFlow.Shared\TicketFlow.Shared.csproj", "{91277A53-FE99-4F39-9C30-60866780029E}"
EndProject
Project("{2150E333-8FDC-42A3-9474-1A3956D46DE8}") = "SystemMetrics", "SystemMetrics", "{2C0A89DC-360C-44E0-A12D-C3051EECA590}"
EndProject
Project("{FAE04EC0-301F-11D3-BF4B-00C04F79EFBC}") = "TicketFlow.Services.SystemMetrics.Core", "src\SystemMetrics\TicketFlow.Services.SystemMetrics.Core\TicketFlow.Services.SystemMetrics.Core.csproj", "{66DF4D54-C851-418C-846C-A548E1726C4E}"
EndProject
Project("{FAE04EC0-301F-11D3-BF4B-00C04F79EFBC}") = "TicketFlow.Services.SystemMetrics.Api", "src\SystemMetrics\TicketFlow.Services.SystemMetrics.Api\TicketFlow.Services.SystemMetrics.Api.csproj", "{55D72A45-C58B-46FE-BA1F-64816FA41928}"
EndProject
Project("{FAE04EC0-301F-11D3-BF4B-00C04F79EFBC}") = "TicketFlow.Services.Communication.Alerting", "src\Communication\TicketFlow.Services.Communication.Alerting\TicketFlow.Services.Communication.Alerting.csproj", "{53F728C9-4BA9-4E8B-B6BF-0B170B637E01}"
EndProject
Project("{FAE04EC0-301F-11D3-BF4B-00C04F79EFBC}") = "TicketFlow.Services.SystemMetrics.Generator", "src\SystemMetrics\TicketFlow.Services.SystemMetrics.Generator\TicketFlow.Services.SystemMetrics.Generator.csproj", "{B9D65BC3-86A7-4777-B93F-E861DEBDA3DE}"
EndProject
Project("{FAE04EC0-301F-11D3-BF4B-00C04F79EFBC}") = "TicketFlow.CourseUtils", "src\Shared\TicketFlow.CourseUtils\TicketFlow.CourseUtils.csproj", "{B569981C-50EB-49D7-A445-FDF1F62D7DD3}"
EndProject
Project("{FAE04EC0-301F-11D3-BF4B-00C04F79EFBC}") = "TicketFlow.Services.Inquiries.IntegrationTests", "tests\Inquiries\TicketFlow.Services.Inquiries.IntegrationTests\TicketFlow.Services.Inquiries.IntegrationTests.csproj", "{7BB0714A-0C7B-4190-BD0E-7B5BCE90D752}"
EndProject
Project("{FAE04EC0-301F-11D3-BF4B-00C04F79EFBC}") = "TicketFlow.Services.Translations.IntegrationTests", "tests\Translations\TicketFlow.Services.Translations.IntegrationTests\TicketFlow.Services.Translations.IntegrationTests.csproj", "{0153A7C4-04A0-47D6-963E-95558FFE0B91}"
EndProject
Global
	GlobalSection(SolutionConfigurationPlatforms) = preSolution
		Debug|Any CPU = Debug|Any CPU
		Release|Any CPU = Release|Any CPU
	EndGlobalSection
	GlobalSection(SolutionProperties) = preSolution
		HideSolutionNode = FALSE
	EndGlobalSection
	GlobalSection(NestedProjects) = preSolution
		{425D58FD-4433-4607-91F1-2FD1955A025E} = {18C31847-2E70-451C-B608-22E64CCDC1A8}
		{27367E15-D4E4-4282-8FA6-8FBD9DB0BAED} = {18C31847-2E70-451C-B608-22E64CCDC1A8}
		{285DF664-485F-4447-BF64-F3DF02610A4D} = {07DCBB3E-83FB-4E64-B0B0-FA380966A16A}
		{9CDAFE0B-3277-4BA4-873C-083093BDAA24} = {07DCBB3E-83FB-4E64-B0B0-FA380966A16A}
		{5CCED511-747C-4F72-98D6-A4C0ADB9F949} = {22569C41-4C87-4AB6-8F1A-DF86F51A3E58}
		{33BE366B-3422-4F73-BC65-1F73D805C1AD} = {22569C41-4C87-4AB6-8F1A-DF86F51A3E58}
		{0E11CE9E-8FC7-4780-84F0-9E6FF7D25CE5} = {4FAD02DF-37B5-4946-ABD8-922DC9C19893}
		{5069C338-D69A-4694-994F-1CA851355F57} = {4FAD02DF-37B5-4946-ABD8-922DC9C19893}
		{48D19E98-B3CF-4325-A3D1-2F07CB1FD488} = {9FEC8D86-638C-42D7-AC4F-DD3E0F2DA95E}
		{3F5D015B-308B-470D-9F00-EECACAE0A0AA} = {9FEC8D86-638C-42D7-AC4F-DD3E0F2DA95E}
		{91277A53-FE99-4F39-9C30-60866780029E} = {B106A5A0-3379-4C18-9A42-58B6A64EE99B}
		{66DF4D54-C851-418C-846C-A548E1726C4E} = {2C0A89DC-360C-44E0-A12D-C3051EECA590}
		{55D72A45-C58B-46FE-BA1F-64816FA41928} = {2C0A89DC-360C-44E0-A12D-C3051EECA590}
		{53F728C9-4BA9-4E8B-B6BF-0B170B637E01} = {9FEC8D86-638C-42D7-AC4F-DD3E0F2DA95E}
		{B9D65BC3-86A7-4777-B93F-E861DEBDA3DE} = {2C0A89DC-360C-44E0-A12D-C3051EECA590}
		{B569981C-50EB-49D7-A445-FDF1F62D7DD3} = {B106A5A0-3379-4C18-9A42-58B6A64EE99B}
		{7BB0714A-0C7B-4190-BD0E-7B5BCE90D752} = {18C31847-2E70-451C-B608-22E64CCDC1A8}
		{0153A7C4-04A0-47D6-963E-95558FFE0B91} = {22569C41-4C87-4AB6-8F1A-DF86F51A3E58}
	EndGlobalSection
	GlobalSection(ProjectConfigurationPlatforms) = postSolution
		{425D58FD-4433-4607-91F1-2FD1955A025E}.Debug|Any CPU.ActiveCfg = Debug|Any CPU
		{425D58FD-4433-4607-91F1-2FD1955A025E}.Debug|Any CPU.Build.0 = Debug|Any CPU
		{425D58FD-4433-4607-91F1-2FD1955A025E}.Release|Any CPU.ActiveCfg = Release|Any CPU
		{425D58FD-4433-4607-91F1-2FD1955A025E}.Release|Any CPU.Build.0 = Release|Any CPU
		{27367E15-D4E4-4282-8FA6-8FBD9DB0BAED}.Debug|Any CPU.ActiveCfg = Debug|Any CPU
		{27367E15-D4E4-4282-8FA6-8FBD9DB0BAED}.Debug|Any CPU.Build.0 = Debug|Any CPU
		{27367E15-D4E4-4282-8FA6-8FBD9DB0BAED}.Release|Any CPU.ActiveCfg = Release|Any CPU
		{27367E15-D4E4-4282-8FA6-8FBD9DB0BAED}.Release|Any CPU.Build.0 = Release|Any CPU
		{285DF664-485F-4447-BF64-F3DF02610A4D}.Debug|Any CPU.ActiveCfg = Debug|Any CPU
		{285DF664-485F-4447-BF64-F3DF02610A4D}.Debug|Any CPU.Build.0 = Debug|Any CPU
		{285DF664-485F-4447-BF64-F3DF02610A4D}.Release|Any CPU.ActiveCfg = Release|Any CPU
		{285DF664-485F-4447-BF64-F3DF02610A4D}.Release|Any CPU.Build.0 = Release|Any CPU
		{9CDAFE0B-3277-4BA4-873C-083093BDAA24}.Debug|Any CPU.ActiveCfg = Debug|Any CPU
		{9CDAFE0B-3277-4BA4-873C-083093BDAA24}.Debug|Any CPU.Build.0 = Debug|Any CPU
		{9CDAFE0B-3277-4BA4-873C-083093BDAA24}.Release|Any CPU.ActiveCfg = Release|Any CPU
		{9CDAFE0B-3277-4BA4-873C-083093BDAA24}.Release|Any CPU.Build.0 = Release|Any CPU
		{5CCED511-747C-4F72-98D6-A4C0ADB9F949}.Debug|Any CPU.ActiveCfg = Debug|Any CPU
		{5CCED511-747C-4F72-98D6-A4C0ADB9F949}.Debug|Any CPU.Build.0 = Debug|Any CPU
		{5CCED511-747C-4F72-98D6-A4C0ADB9F949}.Release|Any CPU.ActiveCfg = Release|Any CPU
		{5CCED511-747C-4F72-98D6-A4C0ADB9F949}.Release|Any CPU.Build.0 = Release|Any CPU
		{33BE366B-3422-4F73-BC65-1F73D805C1AD}.Debug|Any CPU.ActiveCfg = Debug|Any CPU
		{33BE366B-3422-4F73-BC65-1F73D805C1AD}.Debug|Any CPU.Build.0 = Debug|Any CPU
		{33BE366B-3422-4F73-BC65-1F73D805C1AD}.Release|Any CPU.ActiveCfg = Release|Any CPU
		{33BE366B-3422-4F73-BC65-1F73D805C1AD}.Release|Any CPU.Build.0 = Release|Any CPU
		{0E11CE9E-8FC7-4780-84F0-9E6FF7D25CE5}.Debug|Any CPU.ActiveCfg = Debug|Any CPU
		{0E11CE9E-8FC7-4780-84F0-9E6FF7D25CE5}.Debug|Any CPU.Build.0 = Debug|Any CPU
		{0E11CE9E-8FC7-4780-84F0-9E6FF7D25CE5}.Release|Any CPU.ActiveCfg = Release|Any CPU
		{0E11CE9E-8FC7-4780-84F0-9E6FF7D25CE5}.Release|Any CPU.Build.0 = Release|Any CPU
		{5069C338-D69A-4694-994F-1CA851355F57}.Debug|Any CPU.ActiveCfg = Debug|Any CPU
		{5069C338-D69A-4694-994F-1CA851355F57}.Debug|Any CPU.Build.0 = Debug|Any CPU
		{5069C338-D69A-4694-994F-1CA851355F57}.Release|Any CPU.ActiveCfg = Release|Any CPU
		{5069C338-D69A-4694-994F-1CA851355F57}.Release|Any CPU.Build.0 = Release|Any CPU
		{48D19E98-B3CF-4325-A3D1-2F07CB1FD488}.Debug|Any CPU.ActiveCfg = Debug|Any CPU
		{48D19E98-B3CF-4325-A3D1-2F07CB1FD488}.Debug|Any CPU.Build.0 = Debug|Any CPU
		{48D19E98-B3CF-4325-A3D1-2F07CB1FD488}.Release|Any CPU.ActiveCfg = Release|Any CPU
		{48D19E98-B3CF-4325-A3D1-2F07CB1FD488}.Release|Any CPU.Build.0 = Release|Any CPU
		{3F5D015B-308B-470D-9F00-EECACAE0A0AA}.Debug|Any CPU.ActiveCfg = Debug|Any CPU
		{3F5D015B-308B-470D-9F00-EECACAE0A0AA}.Debug|Any CPU.Build.0 = Debug|Any CPU
		{3F5D015B-308B-470D-9F00-EECACAE0A0AA}.Release|Any CPU.ActiveCfg = Release|Any CPU
		{3F5D015B-308B-470D-9F00-EECACAE0A0AA}.Release|Any CPU.Build.0 = Release|Any CPU
		{91277A53-FE99-4F39-9C30-60866780029E}.Debug|Any CPU.ActiveCfg = Debug|Any CPU
		{91277A53-FE99-4F39-9C30-60866780029E}.Debug|Any CPU.Build.0 = Debug|Any CPU
		{91277A53-FE99-4F39-9C30-60866780029E}.Release|Any CPU.ActiveCfg = Release|Any CPU
		{91277A53-FE99-4F39-9C30-60866780029E}.Release|Any CPU.Build.0 = Release|Any CPU
		{66DF4D54-C851-418C-846C-A548E1726C4E}.Debug|Any CPU.ActiveCfg = Debug|Any CPU
		{66DF4D54-C851-418C-846C-A548E1726C4E}.Debug|Any CPU.Build.0 = Debug|Any CPU
		{66DF4D54-C851-418C-846C-A548E1726C4E}.Release|Any CPU.ActiveCfg = Release|Any CPU
		{66DF4D54-C851-418C-846C-A548E1726C4E}.Release|Any CPU.Build.0 = Release|Any CPU
		{55D72A45-C58B-46FE-BA1F-64816FA41928}.Debug|Any CPU.ActiveCfg = Debug|Any CPU
		{55D72A45-C58B-46FE-BA1F-64816FA41928}.Debug|Any CPU.Build.0 = Debug|Any CPU
		{55D72A45-C58B-46FE-BA1F-64816FA41928}.Release|Any CPU.ActiveCfg = Release|Any CPU
		{55D72A45-C58B-46FE-BA1F-64816FA41928}.Release|Any CPU.Build.0 = Release|Any CPU
		{53F728C9-4BA9-4E8B-B6BF-0B170B637E01}.Debug|Any CPU.ActiveCfg = Debug|Any CPU
		{53F728C9-4BA9-4E8B-B6BF-0B170B637E01}.Debug|Any CPU.Build.0 = Debug|Any CPU
		{53F728C9-4BA9-4E8B-B6BF-0B170B637E01}.Release|Any CPU.ActiveCfg = Release|Any CPU
		{53F728C9-4BA9-4E8B-B6BF-0B170B637E01}.Release|Any CPU.Build.0 = Release|Any CPU
		{B9D65BC3-86A7-4777-B93F-E861DEBDA3DE}.Debug|Any CPU.ActiveCfg = Debug|Any CPU
		{B9D65BC3-86A7-4777-B93F-E861DEBDA3DE}.Debug|Any CPU.Build.0 = Debug|Any CPU
		{B9D65BC3-86A7-4777-B93F-E861DEBDA3DE}.Release|Any CPU.ActiveCfg = Release|Any CPU
		{B9D65BC3-86A7-4777-B93F-E861DEBDA3DE}.Release|Any CPU.Build.0 = Release|Any CPU
		{B569981C-50EB-49D7-A445-FDF1F62D7DD3}.Debug|Any CPU.ActiveCfg = Debug|Any CPU
		{B569981C-50EB-49D7-A445-FDF1F62D7DD3}.Debug|Any CPU.Build.0 = Debug|Any CPU
		{B569981C-50EB-49D7-A445-FDF1F62D7DD3}.Release|Any CPU.ActiveCfg = Release|Any CPU
		{B569981C-50EB-49D7-A445-FDF1F62D7DD3}.Release|Any CPU.Build.0 = Release|Any CPU
		{7BB0714A-0C7B-4190-BD0E-7B5BCE90D752}.Debug|Any CPU.ActiveCfg = Debug|Any CPU
		{7BB0714A-0C7B-4190-BD0E-7B5BCE90D752}.Debug|Any CPU.Build.0 = Debug|Any CPU
		{7BB0714A-0C7B-4190-BD0E-7B5BCE90D752}.Release|Any CPU.ActiveCfg = Release|Any CPU
		{7BB0714A-0C7B-4190-BD0E-7B5BCE90D752}.Release|Any CPU.Build.0 = Release|Any CPU
		{0153A7C4-04A0-47D6-963E-95558FFE0B91}.Debug|Any CPU.ActiveCfg = Debug|Any CPU
		{0153A7C4-04A0-47D6-963E-95558FFE0B91}.Debug|Any CPU.Build.0 = Debug|Any CPU
		{0153A7C4-04A0-47D6-963E-95558FFE0B91}.Release|Any CPU.ActiveCfg = Release|Any CPU
		{0153A7C4-04A0-47D6-963E-95558FFE0B91}.Release|Any CPU.Build.0 = Release|Any CPU
	EndGlobalSection
EndGlobal
